
Microsoft Visual Studio Solution File, Format Version 12.00
# Visual Studio Version 17
VisualStudioVersion = 17.2.32616.157
MinimumVisualStudioVersion = 10.0.40219.1
Project("{9A19103F-16F7-4668-BE54-9A1E7A4F7556}") = "passwordVerifer", "passwordVerifer\passwordVerifer.csproj", "{9F020755-6745-4FD9-87DB-CEF18E9CD6FB}"
EndProject
Project("{FAE04EC0-301F-11D3-BF4B-00C04F79EFBC}") = "PasswordTesting", "PasswordTesting\PasswordTesting.csproj", "{D76DF1B4-9569-46AF-83DF-096CE67A78AE}"
	ProjectSection(ProjectDependencies) = postProject
		{9F020755-6745-4FD9-87DB-CEF18E9CD6FB} = {9F020755-6745-4FD9-87DB-CEF18E9CD6FB}
	EndProjectSection
EndProject
Global
	GlobalSection(SolutionConfigurationPlatforms) = preSolution
		Debug|Any CPU = Debug|Any CPU
		Release|Any CPU = Release|Any CPU
	EndGlobalSection
	GlobalSection(ProjectConfigurationPlatforms) = postSolution
		{9F020755-6745-4FD9-87DB-CEF18E9CD6FB}.Debug|Any CPU.ActiveCfg = Debug|Any CPU
		{9F020755-6745-4FD9-87DB-CEF18E9CD6FB}.Debug|Any CPU.Build.0 = Debug|Any CPU
		{9F020755-6745-4FD9-87DB-CEF18E9CD6FB}.Release|Any CPU.ActiveCfg = Release|Any CPU
		{9F020755-6745-4FD9-87DB-CEF18E9CD6FB}.Release|Any CPU.Build.0 = Release|Any CPU
		{D76DF1B4-9569-46AF-83DF-096CE67A78AE}.Debug|Any CPU.ActiveCfg = Debug|Any CPU
		{D76DF1B4-9569-46AF-83DF-096CE67A78AE}.Debug|Any CPU.Build.0 = Debug|Any CPU
		{D76DF1B4-9569-46AF-83DF-096CE67A78AE}.Release|Any CPU.ActiveCfg = Release|Any CPU
		{D76DF1B4-9569-46AF-83DF-096CE67A78AE}.Release|Any CPU.Build.0 = Release|Any CPU
	EndGlobalSection
	GlobalSection(SolutionProperties) = preSolution
		HideSolutionNode = FALSE
	EndGlobalSection
	GlobalSection(ExtensibilityGlobals) = postSolution
		SolutionGuid = {787B28B4-D135-4966-B844-F1D39DC8EF82}
	EndGlobalSection
EndGlobal
